{
  "nodes": {
    "nixpkgs": {
      "locked": {
        "lastModified": 1770464364,
        "narHash": "sha256-z5NJPSBwsLf/OfD8WTmh79tlSU8XgIbwmk6qB1/TFzY=",
        "owner": "NixOS",
        "repo": "nixpkgs",
        "rev": "23d72dabcb3b12469f57b37170fcbc1789bd7457",
        "type": "github"
      },
      "original": {
        "owner": "NixOS",
        "repo": "nixpkgs",
        "rev": "23d72dabcb3b12469f57b37170fcbc1789bd7457",
        "type": "github"
      }
    },
    "nixpkgs-master": {
      "locked": {
        "lastModified": 1770522055,
        "narHash": "sha256-03+UdWZAo150UdTZGG4xwSCTTT0GbxpSyGn9j4FBBH8=",
        "owner": "NixOS",
        "repo": "nixpkgs",
        "rev": "b28c4999ed71543e71552ccfd0d7e68c581ba7e9",
        "type": "github"
      },
      "original": {
        "owner": "NixOS",
        "repo": "nixpkgs",
        "rev": "b28c4999ed71543e71552ccfd0d7e68c581ba7e9",
        "type": "github"
      }
    },
    "nixpkgs-master_2": {
      "locked": {
        "lastModified": 1770522055,
        "narHash": "sha256-03+UdWZAo150UdTZGG4xwSCTTT0GbxpSyGn9j4FBBH8=",
        "owner": "NixOS",
        "repo": "nixpkgs",
        "rev": "b28c4999ed71543e71552ccfd0d7e68c581ba7e9",
        "type": "github"
      },
      "original": {
        "owner": "NixOS",
        "repo": "nixpkgs",
        "rev": "b28c4999ed71543e71552ccfd0d7e68c581ba7e9",
        "type": "github"
      }
    },
    "nixpkgs-stable": {
      "locked": {
        "lastModified": 1769598131,
        "narHash": "sha256-e7VO/kGLgRMbWtpBqdWl0uFg8Y2XWFMdz0uUJvlML8o=",
        "owner": "NixOS",
        "repo": "nixpkgs",
        "rev": "fa83fd837f3098e3e678e6cf017b2b36102c7211",
        "type": "github"
      },
      "original": {
        "owner": "NixOS",
        "repo": "nixpkgs",
        "rev": "fa83fd837f3098e3e678e6cf017b2b36102c7211",
        "type": "github"
      }
    },
    "nixpkgs_2": {
      "locked": {
        "lastModified": 1770464364,
        "narHash": "sha256-z5NJPSBwsLf/OfD8WTmh79tlSU8XgIbwmk6qB1/TFzY=",
        "owner": "NixOS",
        "repo": "nixpkgs",
        "rev": "23d72dabcb3b12469f57b37170fcbc1789bd7457",
        "type": "github"
      },
      "original": {
        "owner": "NixOS",
        "repo": "nixpkgs",
        "rev": "23d72dabcb3b12469f57b37170fcbc1789bd7457",
        "type": "github"
      }
    },
    "root": {
      "inputs": {
        "nixpkgs": "nixpkgs",
        "nixpkgs-master": "nixpkgs-master",
        "nixpkgs-stable": "nixpkgs-stable",
        "rust": "rust",
        "rust-overlay": "rust-overlay_2",
        "utils": "utils_2"
      }
    },
    "rust": {
      "inputs": {
        "nixpkgs": "nixpkgs_2",
        "nixpkgs-master": "nixpkgs-master_2",
        "rust-overlay": "rust-overlay",
        "utils": "utils"
      },
      "locked": {
        "dir": "devenvs/rust",
        "lastModified": 1770817635,
        "narHash": "sha256-V4X32boiQQW42rRR9bh1RuO6/JQF9nn2VlyXJT1tCzs=",
        "owner": "friedenberg",
        "repo": "eng",
        "rev": "d6b1afb577ec35deca1cdc5be6a1776a3639df27",
        "type": "github"
      },
      "original": {
        "dir": "devenvs/rust",
        "owner": "friedenberg",
        "repo": "eng",
        "type": "github"
      }
    },
    "rust-overlay": {
      "inputs": {
        "nixpkgs": [
          "rust",
          "nixpkgs-master"
        ]
      },
      "locked": {
        "lastModified": 1770606655,
        "narHash": "sha256-rpJf+kxvLWv32ivcgu8d+JeJooog3boJCT8J3joJvvM=",
        "owner": "oxalica",
        "repo": "rust-overlay",
        "rev": "11a396520bf911e4ed01e78e11633d3fc63b350e",
        "type": "github"
      },
      "original": {
        "owner": "oxalica",
        "repo": "rust-overlay",
        "type": "github"
      }
    },
    "rust-overlay_2": {
      "inputs": {
        "nixpkgs": [
          "nixpkgs"
        ]
      },
      "locked": {
        "lastModified": 1770779462,
        "narHash": "sha256-ykcXTKtV+dOaKlOidAj6dpewBHjni9/oy/6VKcqfzfY=",
        "owner": "oxalica",
        "repo": "rust-overlay",
        "rev": "8a53b3ade61914cdb10387db991b90a3a6f3c441",
        "type": "github"
      },
      "original": {
        "owner": "oxalica",
        "repo": "rust-overlay",
        "type": "github"
      }
    },
    "systems": {
      "locked": {
        "lastModified": 1681028828,
        "narHash": "sha256-Vy1rq5AaRuLzOxct8nz4T6wlgyUR7zLU309k9mBC768=",
        "owner": "nix-systems",
        "repo": "default",
        "rev": "da67096a3b9bf56a91d16901293e51ba5b49a27e",
        "type": "github"
      },
      "original": {
        "owner": "nix-systems",
        "repo": "default",
        "type": "github"
      }
    },
    "systems_2": {
      "locked": {
        "lastModified": 1681028828,
        "narHash": "sha256-Vy1rq5AaRuLzOxct8nz4T6wlgyUR7zLU309k9mBC768=",
        "owner": "nix-systems",
        "repo": "default",
        "rev": "da67096a3b9bf56a91d16901293e51ba5b49a27e",
        "type": "github"
      },
      "original": {
        "owner": "nix-systems",
        "repo": "default",
        "type": "github"
      }
    },
    "utils": {
      "inputs": {
        "systems": "systems"
      },
      "locked": {
        "lastModified": 1731533236,
        "narHash": "sha256-l0KFg5HjrsfsO/JpG+r7fRrqm12kzFHyUHqHCVpMMbI=",
        "rev": "11707dc2f618dd54ca8739b309ec4fc024de578b",
        "revCount": 102,
        "type": "tarball",
        "url": "https://api.flakehub.com/f/pinned/numtide/flake-utils/0.1.102%2Brev-11707dc2f618dd54ca8739b309ec4fc024de578b/0193276d-5b8f-7dbc-acf1-41cb7b54ad2e/source.tar.gz"
      },
      "original": {
        "type": "tarball",
        "url": "https://flakehub.com/f/numtide/flake-utils/0.1.102"
      }
    },
    "utils_2": {
      "inputs": {
        "systems": "systems_2"
      },
      "locked": {
        "lastModified": 1731533236,
        "narHash": "sha256-l0KFg5HjrsfsO/JpG+r7fRrqm12kzFHyUHqHCVpMMbI=",
        "rev": "11707dc2f618dd54ca8739b309ec4fc024de578b",
        "revCount": 102,
        "type": "tarball",
        "url": "https://api.flakehub.com/f/pinned/numtide/flake-utils/0.1.102%2Brev-11707dc2f618dd54ca8739b309ec4fc024de578b/0193276d-5b8f-7dbc-acf1-41cb7b54ad2e/source.tar.gz"
      },
      "original": {
        "type": "tarball",
        "url": "https://flakehub.com/f/numtide/flake-utils/0.1.102"
      }
    }
  },
  "root": "root",
  "version": 7
}
